
Microsoft Visual Studio Solution File, Format Version 12.00
# Visual Studio Version 17
VisualStudioVersion = 17.6.33815.320
MinimumVisualStudioVersion = 10.0.40219.1
Project("{FAE04EC0-301F-11D3-BF4B-00C04F79EFBC}") = "LearningPhase1", "LearningPhase1\LearningPhase1.csproj", "{C05DAA0B-5C75-4AAE-B493-E08D976A5021}"
EndProject
Global
	GlobalSection(SolutionConfigurationPlatforms) = preSolution
		Debug|Any CPU = Debug|Any CPU
		Release|Any CPU = Release|Any CPU
	EndGlobalSection
	GlobalSection(ProjectConfigurationPlatforms) = postSolution
		{C05DAA0B-5C75-4AAE-B493-E08D976A5021}.Debug|Any CPU.ActiveCfg = Debug|Any CPU
		{C05DAA0B-5C75-4AAE-B493-E08D976A5021}.Debug|Any CPU.Build.0 = Debug|Any CPU
		{C05DAA0B-5C75-4AAE-B493-E08D976A5021}.Release|Any CPU.ActiveCfg = Release|Any CPU
		{C05DAA0B-5C75-4AAE-B493-E08D976A5021}.Release|Any CPU.Build.0 = Release|Any CPU
	EndGlobalSection
	GlobalSection(SolutionProperties) = preSolution
		HideSolutionNode = FALSE
	EndGlobalSection
	GlobalSection(ExtensibilityGlobals) = postSolution
		SolutionGuid = {9756CE67-8DDC-4D93-A69E-657A5FC7A40F}
	EndGlobalSection
EndGlobal
